
Microsoft Visual Studio Solution File, Format Version 12.00
# Visual Studio Version 16
VisualStudioVersion = 16.0.31729.503
MinimumVisualStudioVersion = 10.0.40219.1
Project("{FAE04EC0-301F-11D3-BF4B-00C04F79EFBC}") = "BestBuyBestPractices", "BestBuyBestPractices\BestBuyBestPractices.csproj", "{9AFE6B3A-A0AC-4718-8741-5512F07505AA}"
EndProject
Global
	GlobalSection(SolutionConfigurationPlatforms) = preSolution
		Debug|Any CPU = Debug|Any CPU
		Release|Any CPU = Release|Any CPU
	EndGlobalSection
	GlobalSection(ProjectConfigurationPlatforms) = postSolution
		{9AFE6B3A-A0AC-4718-8741-5512F07505AA}.Debug|Any CPU.ActiveCfg = Debug|Any CPU
		{9AFE6B3A-A0AC-4718-8741-5512F07505AA}.Debug|Any CPU.Build.0 = Debug|Any CPU
		{9AFE6B3A-A0AC-4718-8741-5512F07505AA}.Release|Any CPU.ActiveCfg = Release|Any CPU
		{9AFE6B3A-A0AC-4718-8741-5512F07505AA}.Release|Any CPU.Build.0 = Release|Any CPU
	EndGlobalSection
	GlobalSection(SolutionProperties) = preSolution
		HideSolutionNode = FALSE
	EndGlobalSection
	GlobalSection(ExtensibilityGlobals) = postSolution
		SolutionGuid = {FF2EAD3E-1543-4497-ACB2-87D7B35E24AF}
	EndGlobalSection
EndGlobal
